Microsoft Visual Studio Solution File, Format Version 12.00
# Visual Studio 14
VisualStudioVersion = 14.0.25420.1
MinimumVisualStudioVersion = 10.0.40219.1
Project("{2150E333-8FDC-42A3-9474-1A3956D46DE8}") = "stuff", "stuff", "{1ABDD7C1-1F8D-402D-8692-3E4B66962DE0}"
	ProjectSection(SolutionItems) = preProject
		CHANGELOG.md = CHANGELOG.md
		CONTRIBUTING.md = CONTRIBUTING.md
		LICENSE.md = LICENSE.md
		README.md = README.md
	EndProjectSection
EndProject
Project("{FAE04EC0-301F-11D3-BF4B-00C04F79EFBC}") = "Rebus.StructureMap", "Rebus.StructureMap\Rebus.StructureMap.csproj", "{45BB02AA-0FA7-4FDD-B210-6C62BE42058A}"
EndProject
Project("{FAE04EC0-301F-11D3-BF4B-00C04F79EFBC}") = "Rebus.StructureMap.Tests", "Rebus.StructureMap.Tests\Rebus.StructureMap.Tests.csproj", "{230D2336-DA75-4B5E-B139-00AE3DD28B8F}"
EndProject
Global
	GlobalSection(SolutionConfigurationPlatforms) = preSolution
		Debug|Any CPU = Debug|Any CPU
		Release|Any CPU = Release|Any CPU
	EndGlobalSection
	GlobalSection(ProjectConfigurationPlatforms) = postSolution
		{45BB02AA-0FA7-4FDD-B210-6C62BE42058A}.Debug|Any CPU.ActiveCfg = Debug|Any CPU
		{45BB02AA-0FA7-4FDD-B210-6C62BE42058A}.Debug|Any CPU.Build.0 = Debug|Any CPU
		{45BB02AA-0FA7-4FDD-B210-6C62BE42058A}.Release|Any CPU.ActiveCfg = Release|Any CPU
		{45BB02AA-0FA7-4FDD-B210-6C62BE42058A}.Release|Any CPU.Build.0 = Release|Any CPU
		{230D2336-DA75-4B5E-B139-00AE3DD28B8F}.Debug|Any CPU.ActiveCfg = Debug|Any CPU
		{230D2336-DA75-4B5E-B139-00AE3DD28B8F}.Debug|Any CPU.Build.0 = Debug|Any CPU
		{230D2336-DA75-4B5E-B139-00AE3DD28B8F}.Release|Any CPU.ActiveCfg = Release|Any CPU
		{230D2336-DA75-4B5E-B139-00AE3DD28B8F}.Release|Any CPU.Build.0 = Release|Any CPU
	EndGlobalSection
	GlobalSection(SolutionProperties) = preSolution
		HideSolutionNode = FALSE
	EndGlobalSection
EndGlobal
